// !$*UTF8*$!
{
	archiveVersion = 1;
	classes = {
	};
	objectVersion = 46;
	objects = {

/* Begin PBXBuildFile section */
		84E611DE1DC0958A006E4B46 /* main.m in Sources */ = {isa = PBXBuildFile; fileRef = 84E611DD1DC0958A006E4B46 /* main.m */; };
		84E611E11DC0958A006E4B46 /* AppDelegate.m in Sources */ = {isa = PBXBuildFile; fileRef = 84E611E01DC0958A006E4B46 /* AppDelegate.m */; };
		84E611E41DC0958A006E4B46 /* ViewController.m in Sources */ = {isa = PBXBuildFile; fileRef = 84E611E31DC0958A006E4B46 /* ViewController.m */; };
		84E611E71DC0958A006E4B46 /* Main.storyboard in Resources */ = {isa = PBXBuildFile; fileRef = 84E611E51DC0958A006E4B46 /* Main.storyboard */; };
		84E611E91DC0958A006E4B46 /* Assets.xcassets in Resources */ = {isa = PBXBuildFile; fileRef = 84E611E81DC0958A006E4B46 /* Assets.xcassets */; };
		84E611EC1DC0958A006E4B46 /* LaunchScreen.storyboard in Resources */ = {isa = PBXBuildFile; fileRef = 84E611EA1DC0958A006E4B46 /* LaunchScreen.storyboard */; };
		84E611F71DC0958A006E4B46 /* LxCollectionView____demoTests.m in Sources */ = {isa = PBXBuildFile; fileRef = 84E611F61DC0958A006E4B46 /* LxCollectionView____demoTests.m */; };
		84E612021DC0958A006E4B46 /* LxCollectionView____demoUITests.m in Sources */ = {isa = PBXBuildFile; fileRef = 84E612011DC0958A006E4B46 /* LxCollectionView____demoUITests.m */; };
/* End PBXBuildFile section */

/* Begin PBXContainerItemProxy section */
		84E611F31DC0958A006E4B46 /* PBXContainerItemProxy */ = {
			isa = PBXContainerItemProxy;
			containerPortal = 84E611D11DC0958A006E4B46 /* Project object */;
			proxyType = 1;
			remoteGlobalIDString = 84E611D81DC0958A006E4B46;
			remoteInfo = "LxCollectionView_瀑布流demo";
		};
		84E611FE1DC0958A006E4B46 /* PBXContainerItemProxy */ = {
			isa = PBXContainerItemProxy;
			containerPortal = 84E611D11DC0958A006E4B46 /* Project object */;
			proxyType = 1;
			remoteGlobalIDString = 84E611D81DC0958A006E4B46;
			remoteInfo = "LxCollectionView_瀑布流demo";
		};
/* End PBXContainerItemProxy section */

/* Begin PBXFileReference section */
		84E611D91DC0958A006E4B46 /* LxCollectionView_瀑布流demo.app */ = {isa = PBXFileReference; explicitFileType = wrapper.application; includeInIndex = 0; path = "LxCollectionView_瀑布流demo.app"; sourceTree = BUILT_PRODUCTS_DIR; };
		84E611DD1DC0958A006E4B46 /* main.m */ = {isa = PBXFileReference; lastKnownFileType = sourcecode.c.objc; path = main.m; sourceTree = "<group>"; };
		84E611DF1DC0958A006E4B46 /* AppDelegate.h */ = {isa = PBXFileReference; lastKnownFileType = sourcecode.c.h; path = AppDelegate.h; sourceTree = "<group>"; };
		84E611E01DC0958A006E4B46 /* AppDelegate.m */ = {isa = PBXFileReference; lastKnownFileType = sourcecode.c.objc; path = AppDelegate.m; sourceTree = "<group>"; };
		84E611E21DC0958A006E4B46 /* ViewController.h */ = {isa = PBXFileReference; lastKnownFileType = sourcecode.c.h; path = ViewController.h; sourceTree = "<group>"; };
		84E611E31DC0958A006E4B46 /* ViewController.m */ = {isa = PBXFileReference; lastKnownFileType = sourcecode.c.objc; path = ViewController.m; sourceTree = "<group>"; };
		84E611E61DC0958A006E4B46 /* Base */ = {isa = PBXFileReference; lastKnownFileType = file.storyboard; name = Base; path = Base.lproj/Main.storyboard; sourceTree = "<group>"; };
		84E611E81DC0958A006E4B46 /* Assets.xcassets */ = {isa = PBXFileReference; lastKnownFileType = folder.assetcatalog; path = Assets.xcassets; sourceTree = "<group>"; };
		84E611EB1DC0958A006E4B46 /* Base */ = {isa = PBXFileReference; lastKnownFileType = file.storyboard; name = Base; path = Base.lproj/LaunchScreen.storyboard; sourceTree = "<group>"; };
		84E611ED1DC0958A006E4B46 /* Info.plist */ = {isa = PBXFileReference; lastKnownFileType = text.plist.xml; path = Info.plist; sourceTree = "<group>"; };
		84E611F21DC0958A006E4B46 /* LxCollectionView_瀑布流demoTests.xctest */ = {isa = PBXFileReference; explicitFileType = wrapper.cfbundle; includeInIndex = 0; path = "LxCollectionView_瀑布流demoTests.xctest"; sourceTree = BUILT_PRODUCTS_DIR; };
		84E611F61DC0958A006E4B46 /* LxCollectionView____demoTests.m */ = {isa = PBXFileReference; lastKnownFileType = sourcecode.c.objc; path = "LxCollectionView____demoTests.m"; sourceTree = "<group>"; };
		84E611F81DC0958A006E4B46 /* Info.plist */ = {isa = PBXFileReference; lastKnownFileType = text.plist.xml; path = Info.plist; sourceTree = "<group>"; };
		84E611FD1DC0958A006E4B46 /* LxCollectionView_瀑布流demoUITests.xctest */ = {isa = PBXFileReference; explicitFileType = wrapper.cfbundle; includeInIndex = 0; path = "LxCollectionView_瀑布流demoUITests.xctest"; sourceTree = BUILT_PRODUCTS_DIR; };
		84E612011DC0958A006E4B46 /* LxCollectionView____demoUITests.m */ = {isa = PBXFileReference; lastKnownFileType = sourcecode.c.objc; path = "LxCollectionView____demoUITests.m"; sourceTree = "<group>"; };
		84E612031DC0958A006E4B46 /* Info.plist */ = {isa = PBXFileReference; lastKnownFileType = text.plist.xml; path = Info.plist; sourceTree = "<group>"; };
/* End PBXFileReference section */

/* Begin PBXFrameworksBuildPhase section */
		84E611D61DC0958A006E4B46 /* Frameworks */ = {
			isa = PBXFrameworksBuildPhase;
			buildActionMask = 2147483647;
			files = (
			);
			runOnlyForDeploymentPostprocessing = 0;
		};
		84E611EF1DC0958A006E4B46 /* Frameworks */ = {
			isa = PBXFrameworksBuildPhase;
			buildActionMask = 2147483647;
			files = (
			);
			runOnlyForDeploymentPostprocessing = 0;
		};
		84E611FA1DC0958A006E4B46 /* Frameworks */ = {
			isa = PBXFrameworksBuildPhase;
			buildActionMask = 2147483647;
			files = (
			);
			runOnlyForDeploymentPostprocessing = 0;
		};
/* End PBXFrameworksBuildPhase section */

/* Begin PBXGroup section */
		84E611D01DC0958A006E4B46 = {
			isa = PBXGroup;
			children = (
				84E611DB1DC0958A006E4B46 /* LxCollectionView_瀑布流demo */,
				84E611F51DC0958A006E4B46 /* LxCollectionView_瀑布流demoTests */,
				84E612001DC0958A006E4B46 /* LxCollectionView_瀑布流demoUITests */,
				84E611DA1DC0958A006E4B46 /* Products */,
			);
			sourceTree = "<group>";
		};
		84E611DA1DC0958A006E4B46 /* Products */ = {
			isa = PBXGroup;
			children = (
				84E611D91DC0958A006E4B46 /* LxCollectionView_瀑布流demo.app */,
				84E611F21DC0958A006E4B46 /* LxCollectionView_瀑布流demoTests.xctest */,
				84E611FD1DC0958A006E4B46 /* LxCollectionView_瀑布流demoUITests.xctest */,
			);
			name = Products;
			sourceTree = "<group>";
		};
		84E611DB1DC0958A006E4B46 /* LxCollectionView_瀑布流demo */ = {
			isa = PBXGroup;
			children = (
				84E611DF1DC0958A006E4B46 /* AppDelegate.h */,
				84E611E01DC0958A006E4B46 /* AppDelegate.m */,
				84E611E21DC0958A006E4B46 /* ViewController.h */,
				84E611E31DC0958A006E4B46 /* ViewController.m */,
				84E611E51DC0958A006E4B46 /* Main.storyboard */,
				84E611E81DC0958A006E4B46 /* Assets.xcassets */,
				84E611EA1DC0958A006E4B46 /* LaunchScreen.storyboard */,
				84E611ED1DC0958A006E4B46 /* Info.plist */,
				84E611DC1DC0958A006E4B46 /* Supporting Files */,
			);
			path = "LxCollectionView_瀑布流demo";
			sourceTree = "<group>";
		};
		84E611DC1DC0958A006E4B46 /* Supporting Files */ = {
			isa = PBXGroup;
			children = (
				84E611DD1DC0958A006E4B46 /* main.m */,
			);
			name = "Supporting Files";
			sourceTree = "<group>";
		};
		84E611F51DC0958A006E4B46 /* LxCollectionView_瀑布流demoTests */ = {
			isa = PBXGroup;
			children = (
				84E611F61DC0958A006E4B46 /* LxCollectionView____demoTests.m */,
				84E611F81DC0958A006E4B46 /* Info.plist */,
			);
			path = "LxCollectionView_瀑布流demoTests";
			sourceTree = "<group>";
		};
		84E612001DC0958A006E4B46 /* LxCollectionView_瀑布流demoUITests */ = {
			isa = PBXGroup;
			children = (
				84E612011DC0958A006E4B46 /* LxCollectionView____demoUITests.m */,
				84E612031DC0958A006E4B46 /* Info.plist */,
			);
			path = "LxCollectionView_瀑布流demoUITests";
			sourceTree = "<group>";
		};
/* End PBXGroup section */

/* Begin PBXNativeTarget section */
		84E611D81DC0958A006E4B46 /* LxCollectionView_瀑布流demo */ = {
			isa = PBXNativeTarget;
			buildConfigurationList = 84E612061DC0958A006E4B46 /* Build configuration list for PBXNativeTarget "LxCollectionView_瀑布流demo" */;
			buildPhases = (
				84E611D51DC0958A006E4B46 /* Sources */,
				84E611D61DC0958A006E4B46 /* Frameworks */,
				84E611D71DC0958A006E4B46 /* Resources */,
			);
			buildRules = (
			);
			dependencies = (
			);
			name = "LxCollectionView_瀑布流demo";
			productName = "LxCollectionView_瀑布流demo";
			productReference = 84E611D91DC0958A006E4B46 /* LxCollectionView_瀑布流demo.app */;
			productType = "com.apple.product-type.application";
		};
		84E611F11DC0958A006E4B46 /* LxCollectionView_瀑布流demoTests */ = {
			isa = PBXNativeTarget;
			buildConfigurationList = 84E612091DC0958A006E4B46 /* Build configuration list for PBXNativeTarget "LxCollectionView_瀑布流demoTests" */;
			buildPhases = (
				84E611EE1DC0958A006E4B46 /* Sources */,
				84E611EF1DC0958A006E4B46 /* Frameworks */,
				84E611F01DC0958A006E4B46 /* Resources */,
			);
			buildRules = (
			);
			dependencies = (
				84E611F41DC0958A006E4B46 /* PBXTargetDependency */,
			);
			name = "LxCollectionView_瀑布流demoTests";
			productName = "LxCollectionView_瀑布流demoTests";
			productReference = 84E611F21DC0958A006E4B46 /* LxCollectionView_瀑布流demoTests.xctest */;
			productType = "com.apple.product-type.bundle.unit-test";
		};
		84E611FC1DC0958A006E4B46 /* LxCollectionView_瀑布流demoUITests */ = {
			isa = PBXNativeTarget;
			buildConfigurationList = 84E6120C1DC0958A006E4B46 /* Build configuration list for PBXNativeTarget "LxCollectionView_瀑布流demoUITests" */;
			buildPhases = (
				84E611F91DC0958A006E4B46 /* Sources */,
				84E611FA1DC0958A006E4B46 /* Frameworks */,
				84E611FB1DC0958A006E4B46 /* Resources */,
			);
			buildRules = (
			);
			dependencies = (
				84E611FF1DC0958A006E4B46 /* PBXTargetDependency */,
			);
			name = "LxCollectionView_瀑布流demoUITests";
			productName = "LxCollectionView_瀑布流demoUITests";
			productReference = 84E611FD1DC0958A006E4B46 /* LxCollectionView_瀑布流demoUITests.xctest */;
			productType = "com.apple.product-type.bundle.ui-testing";
		};
/* End PBXNativeTarget section */

/* Begin PBXProject section */
		84E611D11DC0958A006E4B46 /* Project object */ = {
			isa = PBXProject;
			attributes = {
				LastUpgradeCheck = 0800;
				ORGANIZATIONNAME = Yinglong;
				TargetAttributes = {
					84E611D81DC0958A006E4B46 = {
						CreatedOnToolsVersion = 8.0;
						ProvisioningStyle = Automatic;
					};
					84E611F11DC0958A006E4B46 = {
						CreatedOnToolsVersion = 8.0;
						ProvisioningStyle = Automatic;
						TestTargetID = 84E611D81DC0958A006E4B46;
					};
					84E611FC1DC0958A006E4B46 = {
						CreatedOnToolsVersion = 8.0;
						ProvisioningStyle = Automatic;
						TestTargetID = 84E611D81DC0958A006E4B46;
					};
				};
			};
			buildConfigurationList = 84E611D41DC0958A006E4B46 /* Build configuration list for PBXProject "LxCollectionView_瀑布流demo" */;
			compatibilityVersion = "Xcode 3.2";
			developmentRegion = English;
			hasScannedForEncodings = 0;
			knownRegions = (
				en,
				Base,
			);
			mainGroup = 84E611D01DC0958A006E4B46;
			productRefGroup = 84E611DA1DC0958A006E4B46 /* Products */;
			projectDirPath = "";
			projectRoot = "";
			targets = (
				84E611D81DC0958A006E4B46 /* LxCollectionView_瀑布流demo */,
				84E611F11DC0958A006E4B46 /* LxCollectionView_瀑布流demoTests */,
				84E611FC1DC0958A006E4B46 /* LxCollectionView_瀑布流demoUITests */,
			);
		};
/* End PBXProject section */

/* Begin PBXResourcesBuildPhase section */
		84E611D71DC0958A006E4B46 /* Resources */ = {
			isa = PBXResourcesBuildPhase;
			buildActionMask = 2147483647;
			files = (
				84E611EC1DC0958A006E4B46 /* LaunchScreen.storyboard in Resources */,
				84E611E91DC0958A006E4B46 /* Assets.xcassets in Resources */,
				84E611E71DC0958A006E4B46 /* Main.storyboard in Resources */,
			);
			runOnlyForDeploymentPostprocessing = 0;
		};
		84E611F01DC0958A006E4B46 /* Resources */ = {
			isa = PBXResourcesBuildPhase;
			buildActionMask = 2147483647;
			files = (
			);
			runOnlyForDeploymentPostprocessing = 0;
		};
		84E611FB1DC0958A006E4B46 /* Resources */ = {
			isa = PBXResourcesBuildPhase;
			buildActionMask = 2147483647;
			files = (
			);
			runOnlyForDeploymentPostprocessing = 0;
		};
/* End PBXResourcesBuildPhase section */

/* Begin PBXSourcesBuildPhase section */
		84E611D51DC0958A006E4B46 /* Sources */ = {
			isa = PBXSourcesBuildPhase;
			buildActionMask = 2147483647;
			files = (
				84E611E41DC0958A006E4B46 /* ViewController.m in Sources */,
				84E611E11DC0958A006E4B46 /* AppDelegate.m in Sources */,
				84E611DE1DC0958A006E4B46 /* main.m in Sources */,
			);
			runOnlyForDeploymentPostprocessing = 0;
		};
		84E611EE1DC0958A006E4B46 /* Sources */ = {
			isa = PBXSourcesBuildPhase;
			buildActionMask = 2147483647;
			files = (
				84E611F71DC0958A006E4B46 /* LxCollectionView____demoTests.m in Sources */,
			);
			runOnlyForDeploymentPostprocessing = 0;
		};
		84E611F91DC0958A006E4B46 /* Sources */ = {
			isa = PBXSourcesBuildPhase;
			buildActionMask = 2147483647;
			files = (
				84E612021DC0958A006E4B46 /* LxCollectionView____demoUITests.m in Sources */,
			);
			runOnlyForDeploymentPostprocessing = 0;
		};
/* End PBXSourcesBuildPhase section */

/* Begin PBXTargetDependency section */
		84E611F41DC0958A006E4B46 /* PBXTargetDependency */ = {
			isa = PBXTargetDependency;
			target = 84E611D81DC0958A006E4B46 /* LxCollectionView_瀑布流demo */;
			targetProxy = 84E611F31DC0958A006E4B46 /* PBXContainerItemProxy */;
		};
		84E611FF1DC0958A006E4B46 /* PBXTargetDependency */ = {
			isa = PBXTargetDependency;
			target = 84E611D81DC0958A006E4B46 /* LxCollectionView_瀑布流demo */;
			targetProxy = 84E611FE1DC0958A006E4B46 /* PBXContainerItemProxy */;
		};
/* End PBXTargetDependency section */

/* Begin PBXVariantGroup section */
		84E611E51DC0958A006E4B46 /* Main.storyboard */ = {
			isa = PBXVariantGroup;
			children = (
				84E611E61DC0958A006E4B46 /* Base */,
			);
			name = Main.storyboard;
			sourceTree = "<group>";
		};
		84E611EA1DC0958A006E4B46 /* LaunchScreen.storyboard */ = {
			isa = PBXVariantGroup;
			children = (
				84E611EB1DC0958A006E4B46 /* Base */,
			);
			name = LaunchScreen.storyboard;
			sourceTree = "<group>";
		};
/* End PBXVariantGroup section */

/* Begin XCBuildConfiguration section */
		84E612041DC0958A006E4B46 /* Debug */ = {
			isa = XCBuildConfiguration;
			buildSettings = {
				ALWAYS_SEARCH_USER_PATHS = NO;
				CLANG_ANALYZER_NONNULL = YES;
				CLANG_CXX_LANGUAGE_STANDARD = "gnu++0x";
				CLANG_CXX_LIBRARY = "libc++";
				CLANG_ENABLE_MODULES = YES;
				CLANG_ENABLE_OBJC_ARC = YES;
				CLANG_WARN_BOOL_CONVERSION = YES;
				CLANG_WARN_CONSTANT_CONVERSION = YES;
				CLANG_WARN_DIRECT_OBJC_ISA_USAGE = YES_ERROR;
				CLANG_WARN_DOCUMENTATION_COMMENTS = YES;
				CLANG_WARN_EMPTY_BODY = YES;
				CLANG_WARN_ENUM_CONVERSION = YES;
				CLANG_WARN_INFINITE_RECURSION = YES;
				CLANG_WARN_INT_CONVERSION = YES;
				CLANG_WARN_OBJC_ROOT_CLASS = YES_ERROR;
				CLANG_WARN_SUSPICIOUS_MOVES = YES;
				CLANG_WARN_UNREACHABLE_CODE = YES;
				CLANG_WARN__DUPLICATE_METHOD_MATCH = YES;
				"CODE_SIGN_IDENTITY[sdk=iphoneos*]" = "iPhone Developer";
				COPY_PHASE_STRIP = NO;
				DEBUG_INFORMATION_FORMAT = dwarf;
				ENABLE_STRICT_OBJC_MSGSEND = YES;
				ENABLE_TESTABILITY = YES;
				GCC_C_LANGUAGE_STANDARD = gnu99;
				GCC_DYNAMIC_NO_PIC = NO;
				GCC_NO_COMMON_BLOCKS = YES;
				GCC_OPTIMIZATION_LEVEL = 0;
				GCC_PREPROCESSOR_DEFINITIONS = (
					"DEBUG=1",
					"$(inherited)",
				);
				GCC_WARN_64_TO_32_BIT_CONVERSION = YES;
				GCC_WARN_ABOUT_RETURN_TYPE = YES_ERROR;
				GCC_WARN_UNDECLARED_SELECTOR = YES;
				GCC_WARN_UNINITIALIZED_AUTOS = YES_AGGRESSIVE;
				GCC_WARN_UNUSED_FUNCTION = YES;
				GCC_WARN_UNUSED_VARIABLE = YES;
				IPHONEOS_DEPLOYMENT_TARGET = 10.0;
				MTL_ENABLE_DEBUG_INFO = YES;
				ONLY_ACTIVE_ARCH = YES;
				SDKROOT = iphoneos;
				TARGETED_DEVICE_FAMILY = "1,2";
			};
			name = Debug;
		};
		84E612051DC0958A006E4B46 /* Release */ = {
			isa = XCBuildConfiguration;
			buildSettings = {
				ALWAYS_SEARCH_USER_PATHS = NO;
				CLANG_ANALYZER_NONNULL = YES;
				CLANG_CXX_LANGUAGE_STANDARD = "gnu++0x";
				CLANG_CXX_LIBRARY = "libc++";
				CLANG_ENABLE_MODULES = YES;
				CLANG_ENABLE_OBJC_ARC = YES;
				CLANG_WARN_BOOL_CONVERSION = YES;
				CLANG_WARN_CONSTANT_CONVERSION = YES;
				CLANG_WARN_DIRECT_OBJC_ISA_USAGE = YES_ERROR;
				CLANG_WARN_DOCUMENTATION_COMMENTS = YES;
				CLANG_WARN_EMPTY_BODY = YES;
				CLANG_WARN_ENUM_CONVERSION = YES;
				CLANG_WARN_INFINITE_RECURSION = YES;
				CLANG_WARN_INT_CONVERSION = YES;
				CLANG_WARN_OBJC_ROOT_CLASS = YES_ERROR;
				CLANG_WARN_SUSPICIOUS_MOVES = YES;
				CLANG_WARN_UNREACHABLE_CODE = YES;
				CLANG_WARN__DUPLICATE_METHOD_MATCH = YES;
				"CODE_SIGN_IDENTITY[sdk=iphoneos*]" = "iPhone Developer";
				COPY_PHASE_STRIP = NO;
				DEBUG_INFORMATION_FORMAT = "dwarf-with-dsym";
				ENABLE_NS_ASSERTIONS = NO;
				ENABLE_STRICT_OBJC_MSGSEND = YES;
				GCC_C_LANGUAGE_STANDARD = gnu99;
				GCC_NO_COMMON_BLOCKS = YES;
				GCC_WARN_64_TO_32_BIT_CONVERSION = YES;
				GCC_WARN_ABOUT_RETURN_TYPE = YES_ERROR;
				GCC_WARN_UNDECLARED_SELECTOR = YES;
				GCC_WARN_UNINITIALIZED_AUTOS = YES_AGGRESSIVE;
				GCC_WARN_UNUSED_FUNCTION = YES;
				GCC_WARN_UNUSED_VARIABLE = YES;
				IPHONEOS_DEPLOYMENT_TARGET = 10.0;
				MTL_ENABLE_DEBUG_INFO = NO;
				SDKROOT = iphoneos;
				TARGETED_DEVICE_FAMILY = "1,2";
				VALIDATE_PRODUCT = YES;
			};
			name = Release;
		};
		84E612071DC0958A006E4B46 /* Debug */ = {
			isa = XCBuildConfiguration;
			buildSettings = {
				ASSETCATALOG_COMPILER_APPICON_NAME = AppIcon;
				INFOPLIST_FILE = "LxCollectionView_瀑布流demo/Info.plist";
				LD_RUNPATH_SEARCH_PATHS = "$(inherited) @executable_path/Frameworks";
				PRODUCT_BUNDLE_IDENTIFIER = "com.doreso.LxCollectionView----demo";
				PRODUCT_NAME = "$(TARGET_NAME)";
			};
			name = Debug;
		};
		84E612081DC0958A006E4B46 /* Release */ = {
			isa = XCBuildConfiguration;
			buildSettings = {
				ASSETCATALOG_COMPILER_APPICON_NAME = AppIcon;
				INFOPLIST_FILE = "LxCollectionView_瀑布流demo/Info.plist";
				LD_RUNPATH_SEARCH_PATHS = "$(inherited) @executable_path/Frameworks";
				PRODUCT_BUNDLE_IDENTIFIER = "com.doreso.LxCollectionView----demo";
				PRODUCT_NAME = "$(TARGET_NAME)";
			};
			name = Release;
		};
		84E6120A1DC0958A006E4B46 /* Debug */ = {
			isa = XCBuildConfiguration;
			buildSettings = {
				BUNDLE_LOADER = "$(TEST_HOST)";
				INFOPLIST_FILE = "LxCollectionView_瀑布流demoTests/Info.plist";
				LD_RUNPATH_SEARCH_PATHS = "$(inherited) @executable_path/Frameworks @loader_path/Frameworks";
				PRODUCT_BUNDLE_IDENTIFIER = "com.doreso.LxCollectionView----demoTests";
				PRODUCT_NAME = "$(TARGET_NAME)";
				TEST_HOST = "$(BUILT_PRODUCTS_DIR)/LxCollectionView_瀑布流demo.app/LxCollectionView_瀑布流demo";
			};
			name = Debug;
		};
		84E6120B1DC0958A006E4B46 /* Release */ = {
			isa = XCBuildConfiguration;
			buildSettings = {
				BUNDLE_LOADER = "$(TEST_HOST)";
				INFOPLIST_FILE = "LxCollectionView_瀑布流demoTests/Info.plist";
				LD_RUNPATH_SEARCH_PATHS = "$(inherited) @executable_path/Frameworks @loader_path/Frameworks";
				PRODUCT_BUNDLE_IDENTIFIER = "com.doreso.LxCollectionView----demoTests";
				PRODUCT_NAME = "$(TARGET_NAME)";
				TEST_HOST = "$(BUILT_PRODUCTS_DIR)/LxCollectionView_瀑布流demo.app/LxCollectionView_瀑布流demo";
			};
			name = Release;
		};
		84E6120D1DC0958A006E4B46 /* Debug */ = {
			isa = XCBuildConfiguration;
			buildSettings = {
				INFOPLIST_FILE = "LxCollectionView_瀑布流demoUITests/Info.plist";
				LD_RUNPATH_SEARCH_PATHS = "$(inherited) @executable_path/Frameworks @loader_path/Frameworks";
				PRODUCT_BUNDLE_IDENTIFIER = "com.doreso.LxCollectionView----demoUITests";
				PRODUCT_NAME = "$(TARGET_NAME)";
				TEST_TARGET_NAME = "LxCollectionView_瀑布流demo";
			};
			name = Debug;
		};
		84E6120E1DC0958A006E4B46 /* Release */ = {
			isa = XCBuildConfiguration;
			buildSettings = {
				INFOPLIST_FILE = "LxCollectionView_瀑布流demoUITests/Info.plist";
				LD_RUNPATH_SEARCH_PATHS = "$(inherited) @executable_path/Frameworks @loader_path/Frameworks";
				PRODUCT_BUNDLE_IDENTIFIER = "com.doreso.LxCollectionView----demoUITests";
				PRODUCT_NAME = "$(TARGET_NAME)";
				TEST_TARGET_NAME = "LxCollectionView_瀑布流demo";
			};
			name = Release;
		};
/* End XCBuildConfiguration section */

/* Begin XCConfigurationList section */
		84E611D41DC0958A006E4B46 /* Build configuration list for PBXProject "LxCollectionView_瀑布流demo" */ = {
			isa = XCConfigurationList;
			buildConfigurations = (
				84E612041DC0958A006E4B46 /* Debug */,
				84E612051DC0958A006E4B46 /* Release */,
			);
			defaultConfigurationIsVisible = 0;
			defaultConfigurationName = Release;
		};
		84E612061DC0958A006E4B46 /* Build configuration list for PBXNativeTarget "LxCollectionView_瀑布流demo" */ = {
			isa = XCConfigurationList;
			buildConfigurations = (
				84E612071DC0958A006E4B46 /* Debug */,
				84E612081DC0958A006E4B46 /* Release */,
			);
			defaultConfigurationIsVisible = 0;
		};
		84E612091DC0958A006E4B46 /* Build configuration list for PBXNativeTarget "LxCollectionView_瀑布流demoTests" */ = {
			isa = XCConfigurationList;
			buildConfigurations = (
				84E6120A1DC0958A006E4B46 /* Debug */,
				84E6120B1DC0958A006E4B46 /* Release */,
			);
			defaultConfigurationIsVisible = 0;
		};
		84E6120C1DC0958A006E4B46 /* Build configuration list for PBXNativeTarget "LxCollectionView_瀑布流demoUITests" */ = {
			isa = XCConfigurationList;
			buildConfigurations = (
				84E6120D1DC0958A006E4B46 /* Debug */,
				84E6120E1DC0958A006E4B46 /* Release */,
			);
			defaultConfigurationIsVisible = 0;
		};
/* End XCConfigurationList section */
	};
	rootObject = 84E611D11DC0958A006E4B46 /* Project object */;
}
